
Microsoft Visual Studio Solution File, Format Version 12.00
# Visual Studio 15
VisualStudioVersion = 15.0.26124.0
MinimumVisualStudioVersion = 15.0.26124.0
Project("{FAE04EC0-301F-11D3-BF4B-00C04F79EFBC}") = "Itminus.Middlewares", "Itminus.Middlewares\Itminus.Middlewares.csproj", "{B4CB4696-0119-44D8-A703-2F442410AEEE}"
EndProject
Project("{FAE04EC0-301F-11D3-BF4B-00C04F79EFBC}") = "Itminus.Middlewares.Test", "Itminus.Middlewares.Test\Itminus.Middlewares.Test.csproj", "{063B1D3A-0F54-4703-A30E-9728DA1F96DE}"
EndProject
Global
	GlobalSection(SolutionConfigurationPlatforms) = preSolution
		Debug|Any CPU = Debug|Any CPU
		Debug|x64 = Debug|x64
		Debug|x86 = Debug|x86
		Release|Any CPU = Release|Any CPU
		Release|x64 = Release|x64
		Release|x86 = Release|x86
	EndGlobalSection
	GlobalSection(SolutionProperties) = preSolution
		HideSolutionNode = FALSE
	EndGlobalSection
	GlobalSection(ProjectConfigurationPlatforms) = postSolution
		{B4CB4696-0119-44D8-A703-2F442410AEEE}.Debug|Any CPU.ActiveCfg = Debug|Any CPU
		{B4CB4696-0119-44D8-A703-2F442410AEEE}.Debug|Any CPU.Build.0 = Debug|Any CPU
		{B4CB4696-0119-44D8-A703-2F442410AEEE}.Debug|x64.ActiveCfg = Debug|Any CPU
		{B4CB4696-0119-44D8-A703-2F442410AEEE}.Debug|x64.Build.0 = Debug|Any CPU
		{B4CB4696-0119-44D8-A703-2F442410AEEE}.Debug|x86.ActiveCfg = Debug|Any CPU
		{B4CB4696-0119-44D8-A703-2F442410AEEE}.Debug|x86.Build.0 = Debug|Any CPU
		{B4CB4696-0119-44D8-A703-2F442410AEEE}.Release|Any CPU.ActiveCfg = Release|Any CPU
		{B4CB4696-0119-44D8-A703-2F442410AEEE}.Release|Any CPU.Build.0 = Release|Any CPU
		{B4CB4696-0119-44D8-A703-2F442410AEEE}.Release|x64.ActiveCfg = Release|Any CPU
		{B4CB4696-0119-44D8-A703-2F442410AEEE}.Release|x64.Build.0 = Release|Any CPU
		{B4CB4696-0119-44D8-A703-2F442410AEEE}.Release|x86.ActiveCfg = Release|Any CPU
		{B4CB4696-0119-44D8-A703-2F442410AEEE}.Release|x86.Build.0 = Release|Any CPU
		{063B1D3A-0F54-4703-A30E-9728DA1F96DE}.Debug|Any CPU.ActiveCfg = Debug|Any CPU
		{063B1D3A-0F54-4703-A30E-9728DA1F96DE}.Debug|Any CPU.Build.0 = Debug|Any CPU
		{063B1D3A-0F54-4703-A30E-9728DA1F96DE}.Debug|x64.ActiveCfg = Debug|Any CPU
		{063B1D3A-0F54-4703-A30E-9728DA1F96DE}.Debug|x64.Build.0 = Debug|Any CPU
		{063B1D3A-0F54-4703-A30E-9728DA1F96DE}.Debug|x86.ActiveCfg = Debug|Any CPU
		{063B1D3A-0F54-4703-A30E-9728DA1F96DE}.Debug|x86.Build.0 = Debug|Any CPU
		{063B1D3A-0F54-4703-A30E-9728DA1F96DE}.Release|Any CPU.ActiveCfg = Release|Any CPU
		{063B1D3A-0F54-4703-A30E-9728DA1F96DE}.Release|Any CPU.Build.0 = Release|Any CPU
		{063B1D3A-0F54-4703-A30E-9728DA1F96DE}.Release|x64.ActiveCfg = Release|Any CPU
		{063B1D3A-0F54-4703-A30E-9728DA1F96DE}.Release|x64.Build.0 = Release|Any CPU
		{063B1D3A-0F54-4703-A30E-9728DA1F96DE}.Release|x86.ActiveCfg = Release|Any CPU
		{063B1D3A-0F54-4703-A30E-9728DA1F96DE}.Release|x86.Build.0 = Release|Any CPU
	EndGlobalSection
EndGlobal
